
Microsoft Visual Studio Solution File, Format Version 12.00
# Visual Studio Version 17
VisualStudioVersion = 17.13.35913.81
MinimumVisualStudioVersion = 10.0.40219.1
Project("{FAE04EC0-301F-11D3-BF4B-00C04F79EFBC}") = "EnergiTrack", "EnergiTrack\EnergiTrack.csproj", "{81205693-EA3F-4E51-B5C0-662F662BF568}"
EndProject
Project("{FAE04EC0-301F-11D3-BF4B-00C04F79EFBC}") = "TestProject1", "TestProject1\TestProject1.csproj", "{CC780A09-3C1B-47BB-91CC-A94C98F02FD3}"
EndProject
Global
	GlobalSection(SolutionConfigurationPlatforms) = preSolution
		Debug|Any CPU = Debug|Any CPU
		Release|Any CPU = Release|Any CPU
	EndGlobalSection
	GlobalSection(ProjectConfigurationPlatforms) = postSolution
		{81205693-EA3F-4E51-B5C0-662F662BF568}.Debug|Any CPU.ActiveCfg = Debug|Any CPU
		{81205693-EA3F-4E51-B5C0-662F662BF568}.Debug|Any CPU.Build.0 = Debug|Any CPU
		{81205693-EA3F-4E51-B5C0-662F662BF568}.Release|Any CPU.ActiveCfg = Release|Any CPU
		{81205693-EA3F-4E51-B5C0-662F662BF568}.Release|Any CPU.Build.0 = Release|Any CPU
		{CC780A09-3C1B-47BB-91CC-A94C98F02FD3}.Debug|Any CPU.ActiveCfg = Debug|Any CPU
		{CC780A09-3C1B-47BB-91CC-A94C98F02FD3}.Debug|Any CPU.Build.0 = Debug|Any CPU
		{CC780A09-3C1B-47BB-91CC-A94C98F02FD3}.Release|Any CPU.ActiveCfg = Release|Any CPU
		{CC780A09-3C1B-47BB-91CC-A94C98F02FD3}.Release|Any CPU.Build.0 = Release|Any CPU
	EndGlobalSection
	GlobalSection(SolutionProperties) = preSolution
		HideSolutionNode = FALSE
	EndGlobalSection
	GlobalSection(ExtensibilityGlobals) = postSolution
		SolutionGuid = {135D01AD-4FB8-4FFF-9D38-1CA5A8F22C02}
	EndGlobalSection
EndGlobal
